
Microsoft Visual Studio Solution File, Format Version 12.00
Project("{FAE04EC0-301F-11D3-BF4B-00C04F79EFBC}") = "BSReplayDecoder.Core", "BSReplayDecoder.Core\BSReplayDecoder.Core.csproj", "{0B3830CE-845F-4469-B932-A240AB25CA83}"
EndProject
Project("{FAE04EC0-301F-11D3-BF4B-00C04F79EFBC}") = "BSReplayDecoder.Example", "BSReplayDecoder.Example\BSReplayDecoder.Example.csproj", "{BCA3D531-1601-43C5-8153-CC4DB5BC74EC}"
EndProject
Project("{FAE04EC0-301F-11D3-BF4B-00C04F79EFBC}") = "BSReplayDecoder.Tests", "BSReplayDecoder.Tests\BSReplayDecoder.Tests.csproj", "{EEE04BC6-884A-4230-9A82-9BB8617BF451}"
EndProject
Global
	GlobalSection(SolutionConfigurationPlatforms) = preSolution
		Debug|Any CPU = Debug|Any CPU
		Release|Any CPU = Release|Any CPU
	EndGlobalSection
	GlobalSection(ProjectConfigurationPlatforms) = postSolution
		{0B3830CE-845F-4469-B932-A240AB25CA83}.Debug|Any CPU.ActiveCfg = Debug|Any CPU
		{0B3830CE-845F-4469-B932-A240AB25CA83}.Debug|Any CPU.Build.0 = Debug|Any CPU
		{0B3830CE-845F-4469-B932-A240AB25CA83}.Release|Any CPU.ActiveCfg = Release|Any CPU
		{0B3830CE-845F-4469-B932-A240AB25CA83}.Release|Any CPU.Build.0 = Release|Any CPU
		{BCA3D531-1601-43C5-8153-CC4DB5BC74EC}.Debug|Any CPU.ActiveCfg = Debug|Any CPU
		{BCA3D531-1601-43C5-8153-CC4DB5BC74EC}.Debug|Any CPU.Build.0 = Debug|Any CPU
		{BCA3D531-1601-43C5-8153-CC4DB5BC74EC}.Release|Any CPU.ActiveCfg = Release|Any CPU
		{BCA3D531-1601-43C5-8153-CC4DB5BC74EC}.Release|Any CPU.Build.0 = Release|Any CPU
		{EEE04BC6-884A-4230-9A82-9BB8617BF451}.Debug|Any CPU.ActiveCfg = Debug|Any CPU
		{EEE04BC6-884A-4230-9A82-9BB8617BF451}.Debug|Any CPU.Build.0 = Debug|Any CPU
		{EEE04BC6-884A-4230-9A82-9BB8617BF451}.Release|Any CPU.ActiveCfg = Release|Any CPU
		{EEE04BC6-884A-4230-9A82-9BB8617BF451}.Release|Any CPU.Build.0 = Release|Any CPU
	EndGlobalSection
EndGlobal
